
Microsoft Visual Studio Solution File, Format Version 12.00
# Visual Studio Version 16
VisualStudioVersion = 25.0.1706.5
MinimumVisualStudioVersion = 10.0.40219.1
Project("{FAE04EC0-301F-11D3-BF4B-00C04F79EFBC}") = "QualificationChecker", "QualificationChecker\QualificationChecker.csproj", "{3041A8B7-F0EB-41D9-997D-0FA2AB09710A}"
EndProject
Global
	GlobalSection(SolutionConfigurationPlatforms) = preSolution
		Debug|Any CPU = Debug|Any CPU
		Release|Any CPU = Release|Any CPU
	EndGlobalSection
	GlobalSection(ProjectConfigurationPlatforms) = postSolution
		{3041A8B7-F0EB-41D9-997D-0FA2AB09710A}.Debug|Any CPU.ActiveCfg = Debug|Any CPU
		{3041A8B7-F0EB-41D9-997D-0FA2AB09710A}.Debug|Any CPU.Build.0 = Debug|Any CPU
		{3041A8B7-F0EB-41D9-997D-0FA2AB09710A}.Release|Any CPU.ActiveCfg = Release|Any CPU
		{3041A8B7-F0EB-41D9-997D-0FA2AB09710A}.Release|Any CPU.Build.0 = Release|Any CPU
	EndGlobalSection
	GlobalSection(SolutionProperties) = preSolution
		HideSolutionNode = FALSE
	EndGlobalSection
	GlobalSection(ExtensibilityGlobals) = postSolution
		SolutionGuid = {74DFD9DC-B160-44CB-8044-9F67F932DF6A}
	EndGlobalSection
EndGlobal
